// !$*UTF8*$!
{
	archiveVersion = 1;
	classes = {
	};
	objectVersion = 46;
	objects = {

/* Begin PBXBuildFile section */
		2420C4CF18F853D600677F0A /* main.m in Sources */ = {isa = PBXBuildFile; fileRef = 2420C4CE18F853D600677F0A /* main.m */; };
		2420C4D318F853D600677F0A /* AppDelegate.m in Sources */ = {isa = PBXBuildFile; fileRef = 2420C4D218F853D600677F0A /* AppDelegate.m */; };
		2420C4F118F8544A00677F0A /* DCTTextFieldValidatorViewController.m in Sources */ = {isa = PBXBuildFile; fileRef = 2420C4F018F8544A00677F0A /* DCTTextFieldValidatorViewController.m */; };
		2420C4F318F854A300677F0A /* iPhone.storyboard in Resources */ = {isa = PBXBuildFile; fileRef = 2420C4F218F854A300677F0A /* iPhone.storyboard */; };
		2437B6AE15B97CDB00750117 /* DCTTextFieldValidator.m in Sources */ = {isa = PBXBuildFile; fileRef = 24B494FF1591CB8D0004A76A /* DCTTextFieldValidator.m */; };
		2437B6AF15B97CDE00750117 /* DCTTextFieldValidator.h in CopyFiles */ = {isa = PBXBuildFile; fileRef = 24B494FE1591CB8D0004A76A /* DCTTextFieldValidator.h */; };
		244DE91F19A9396700A91DC7 /* Images.xcassets in Resources */ = {isa = PBXBuildFile; fileRef = 244DE91E19A9396700A91DC7 /* Images.xcassets */; };
		244DE93F19A93ABA00A91DC7 /* DCTTextFieldValidator.framework in Frameworks */ = {isa = PBXBuildFile; fileRef = 244DE92819A93A1400A91DC7 /* DCTTextFieldValidator.framework */; };
		244DE94019A93ABA00A91DC7 /* DCTTextFieldValidator.framework in Embed Frameworks */ = {isa = PBXBuildFile; fileRef = 244DE92819A93A1400A91DC7 /* DCTTextFieldValidator.framework */; settings = {ATTRIBUTES = (CodeSignOnCopy, RemoveHeadersOnCopy, ); }; };
		244DE94419A93AFF00A91DC7 /* DCTTextFieldValidator.h in Headers */ = {isa = PBXBuildFile; fileRef = 24B494FE1591CB8D0004A76A /* DCTTextFieldValidator.h */; settings = {ATTRIBUTES = (Public, ); }; };
		244DE94519A93B0400A91DC7 /* DCTTextFieldValidator.m in Sources */ = {isa = PBXBuildFile; fileRef = 24B494FF1591CB8D0004A76A /* DCTTextFieldValidator.m */; };
/* End PBXBuildFile section */

/* Begin PBXContainerItemProxy section */
		244DE94119A93ABA00A91DC7 /* PBXContainerItemProxy */ = {
			isa = PBXContainerItemProxy;
			containerPortal = 24B494CA1591CB410004A76A /* Project object */;
			proxyType = 1;
			remoteGlobalIDString = 244DE92719A93A1400A91DC7;
			remoteInfo = "DCTTextFieldValidator iOS";
		};
/* End PBXContainerItemProxy section */

/* Begin PBXCopyFilesBuildPhase section */
		2437B6A015B97C9C00750117 /* CopyFiles */ = {
			isa = PBXCopyFilesBuildPhase;
			buildActionMask = 2147483647;
			dstPath = "include/${PRODUCT_NAME}";
			dstSubfolderSpec = 16;
			files = (
				2437B6AF15B97CDE00750117 /* DCTTextFieldValidator.h in CopyFiles */,
			);
			runOnlyForDeploymentPostprocessing = 0;
		};
		244DE94319A93ABB00A91DC7 /* Embed Frameworks */ = {
			isa = PBXCopyFilesBuildPhase;
			buildActionMask = 2147483647;
			dstPath = "";
			dstSubfolderSpec = 10;
			files = (
				244DE94019A93ABA00A91DC7 /* DCTTextFieldValidator.framework in Embed Frameworks */,
			);
			name = "Embed Frameworks";
			runOnlyForDeploymentPostprocessing = 0;
		};
/* End PBXCopyFilesBuildPhase section */

/* Begin PBXFileReference section */
		2420C4C418F853D600677F0A /* DCTTextFieldValidator Demo.app */ = {isa = PBXFileReference; explicitFileType = wrapper.application; includeInIndex = 0; path = "DCTTextFieldValidator Demo.app"; sourceTree = BUILT_PRODUCTS_DIR; };
		2420C4CA18F853D600677F0A /* Info.plist */ = {isa = PBXFileReference; lastKnownFileType = text.plist.xml; path = Info.plist; sourceTree = "<group>"; };
		2420C4CE18F853D600677F0A /* main.m */ = {isa = PBXFileReference; lastKnownFileType = sourcecode.c.objc; path = main.m; sourceTree = "<group>"; };
		2420C4D118F853D600677F0A /* AppDelegate.h */ = {isa = PBXFileReference; lastKnownFileType = sourcecode.c.h; path = AppDelegate.h; sourceTree = "<group>"; };
		2420C4D218F853D600677F0A /* AppDelegate.m */ = {isa = PBXFileReference; lastKnownFileType = sourcecode.c.objc; path = AppDelegate.m; sourceTree = "<group>"; };
		2420C4EF18F8544A00677F0A /* DCTTextFieldValidatorViewController.h */ = {isa = PBXFileReference; fileEncoding = 4; lastKnownFileType = sourcecode.c.h; path = DCTTextFieldValidatorViewController.h; sourceTree = "<group>"; };
		2420C4F018F8544A00677F0A /* DCTTextFieldValidatorViewController.m */ = {isa = PBXFileReference; fileEncoding = 4; lastKnownFileType = sourcecode.c.objc; path = DCTTextFieldValidatorViewController.m; sourceTree = "<group>"; };
		2420C4F218F854A300677F0A /* iPhone.storyboard */ = {isa = PBXFileReference; fileEncoding = 4; lastKnownFileType = file.storyboard; path = iPhone.storyboard; sourceTree = "<group>"; };
		2437B6A215B97C9C00750117 /* libDCTTextFieldValidator.a */ = {isa = PBXFileReference; explicitFileType = archive.ar; includeInIndex = 0; path = libDCTTextFieldValidator.a; sourceTree = BUILT_PRODUCTS_DIR; };
		244DE91519A938C600A91DC7 /* Debug.xcconfig */ = {isa = PBXFileReference; lastKnownFileType = text.xcconfig; path = Debug.xcconfig; sourceTree = "<group>"; };
		244DE91619A938C600A91DC7 /* iOS Application.xcconfig */ = {isa = PBXFileReference; lastKnownFileType = text.xcconfig; path = "iOS Application.xcconfig"; sourceTree = "<group>"; };
		244DE91719A938C600A91DC7 /* iOS Bundle.xcconfig */ = {isa = PBXFileReference; lastKnownFileType = text.xcconfig; path = "iOS Bundle.xcconfig"; sourceTree = "<group>"; };
		244DE91819A938C600A91DC7 /* iOS Framework.xcconfig */ = {isa = PBXFileReference; lastKnownFileType = text.xcconfig; path = "iOS Framework.xcconfig"; sourceTree = "<group>"; };
		244DE91919A938C600A91DC7 /* iOS Static Library.xcconfig */ = {isa = PBXFileReference; lastKnownFileType = text.xcconfig; path = "iOS Static Library.xcconfig"; sourceTree = "<group>"; };
		244DE91A19A938C600A91DC7 /* iOS Tests.xcconfig */ = {isa = PBXFileReference; lastKnownFileType = text.xcconfig; path = "iOS Tests.xcconfig"; sourceTree = "<group>"; };
		244DE91B19A938C600A91DC7 /* OS X Framework.xcconfig */ = {isa = PBXFileReference; lastKnownFileType = text.xcconfig; path = "OS X Framework.xcconfig"; sourceTree = "<group>"; };
		244DE91C19A938C600A91DC7 /* Release.xcconfig */ = {isa = PBXFileReference; lastKnownFileType = text.xcconfig; path = Release.xcconfig; sourceTree = "<group>"; };
		244DE91D19A938C600A91DC7 /* Shared.xcconfig */ = {isa = PBXFileReference; lastKnownFileType = text.xcconfig; path = Shared.xcconfig; sourceTree = "<group>"; };
		244DE91E19A9396700A91DC7 /* Images.xcassets */ = {isa = PBXFileReference; lastKnownFileType = folder.assetcatalog; path = Images.xcassets; sourceTree = "<group>"; };
		244DE92819A93A1400A91DC7 /* DCTTextFieldValidator.framework */ = {isa = PBXFileReference; explicitFileType = wrapper.framework; includeInIndex = 0; path = DCTTextFieldValidator.framework; sourceTree = BUILT_PRODUCTS_DIR; };
		244DE93E19A93A2D00A91DC7 /* Info.plist */ = {isa = PBXFileReference; lastKnownFileType = text.plist.xml; path = Info.plist; sourceTree = "<group>"; };
		24B494FE1591CB8D0004A76A /* DCTTextFieldValidator.h */ = {isa = PBXFileReference; fileEncoding = 4; lastKnownFileType = sourcecode.c.h; path = DCTTextFieldValidator.h; sourceTree = "<group>"; };
		24B494FF1591CB8D0004A76A /* DCTTextFieldValidator.m */ = {isa = PBXFileReference; fileEncoding = 4; lastKnownFileType = sourcecode.c.objc; path = DCTTextFieldValidator.m; sourceTree = "<group>"; };
/* End PBXFileReference section */

/* Begin PBXFrameworksBuildPhase section */
		2420C4C118F853D600677F0A /* Frameworks */ = {
			isa = PBXFrameworksBuildPhase;
			buildActionMask = 2147483647;
			files = (
				244DE93F19A93ABA00A91DC7 /* DCTTextFieldValidator.framework in Frameworks */,
			);
			runOnlyForDeploymentPostprocessing = 0;
		};
		2437B69F15B97C9C00750117 /* Frameworks */ = {
			isa = PBXFrameworksBuildPhase;
			buildActionMask = 2147483647;
			files = (
			);
			runOnlyForDeploymentPostprocessing = 0;
		};
		244DE92419A93A1400A91DC7 /* Frameworks */ = {
			isa = PBXFrameworksBuildPhase;
			buildActionMask = 2147483647;
			files = (
			);
			runOnlyForDeploymentPostprocessing = 0;
		};
/* End PBXFrameworksBuildPhase section */

/* Begin PBXGroup section */
		2420C4C818F853D600677F0A /* DCTTextFieldValidator Demo */ = {
			isa = PBXGroup;
			children = (
				2420C4D118F853D600677F0A /* AppDelegate.h */,
				2420C4D218F853D600677F0A /* AppDelegate.m */,
				2420C4CA18F853D600677F0A /* Info.plist */,
				2420C4CE18F853D600677F0A /* main.m */,
				2420C4EF18F8544A00677F0A /* DCTTextFieldValidatorViewController.h */,
				2420C4F018F8544A00677F0A /* DCTTextFieldValidatorViewController.m */,
				2420C4F218F854A300677F0A /* iPhone.storyboard */,
				244DE91E19A9396700A91DC7 /* Images.xcassets */,
			);
			path = "DCTTextFieldValidator Demo";
			sourceTree = "<group>";
		};
		244DE91419A938C600A91DC7 /* Configurations */ = {
			isa = PBXGroup;
			children = (
				244DE91519A938C600A91DC7 /* Debug.xcconfig */,
				244DE91619A938C600A91DC7 /* iOS Application.xcconfig */,
				244DE91719A938C600A91DC7 /* iOS Bundle.xcconfig */,
				244DE91819A938C600A91DC7 /* iOS Framework.xcconfig */,
				244DE91919A938C600A91DC7 /* iOS Static Library.xcconfig */,
				244DE91A19A938C600A91DC7 /* iOS Tests.xcconfig */,
				244DE91B19A938C600A91DC7 /* OS X Framework.xcconfig */,
				244DE91C19A938C600A91DC7 /* Release.xcconfig */,
				244DE91D19A938C600A91DC7 /* Shared.xcconfig */,
			);
			path = Configurations;
			sourceTree = "<group>";
		};
		24B494C81591CB410004A76A = {
			isa = PBXGroup;
			children = (
				24B494D81591CB410004A76A /* DCTTextFieldValidator */,
				2420C4C818F853D600677F0A /* DCTTextFieldValidator Demo */,
				244DE91419A938C600A91DC7 /* Configurations */,
				24B494D41591CB410004A76A /* Products */,
			);
			sourceTree = "<group>";
		};
		24B494D41591CB410004A76A /* Products */ = {
			isa = PBXGroup;
			children = (
				2437B6A215B97C9C00750117 /* libDCTTextFieldValidator.a */,
				2420C4C418F853D600677F0A /* DCTTextFieldValidator Demo.app */,
				244DE92819A93A1400A91DC7 /* DCTTextFieldValidator.framework */,
			);
			name = Products;
			sourceTree = "<group>";
		};
		24B494D81591CB410004A76A /* DCTTextFieldValidator */ = {
			isa = PBXGroup;
			children = (
				24B494FE1591CB8D0004A76A /* DCTTextFieldValidator.h */,
				24B494FF1591CB8D0004A76A /* DCTTextFieldValidator.m */,
				244DE93E19A93A2D00A91DC7 /* Info.plist */,
			);
			path = DCTTextFieldValidator;
			sourceTree = "<group>";
		};
/* End PBXGroup section */

/* Begin PBXHeadersBuildPhase section */
		244DE92519A93A1400A91DC7 /* Headers */ = {
			isa = PBXHeadersBuildPhase;
			buildActionMask = 2147483647;
			files = (
				244DE94419A93AFF00A91DC7 /* DCTTextFieldValidator.h in Headers */,
			);
			runOnlyForDeploymentPostprocessing = 0;
		};
/* End PBXHeadersBuildPhase section */

/* Begin PBXNativeTarget section */
		2420C4C318F853D600677F0A /* DCTTextFieldValidator Demo */ = {
			isa = PBXNativeTarget;
			buildConfigurationList = 2420C4E918F853D700677F0A /* Build configuration list for PBXNativeTarget "DCTTextFieldValidator Demo" */;
			buildPhases = (
				2420C4C018F853D600677F0A /* Sources */,
				2420C4C118F853D600677F0A /* Frameworks */,
				2420C4C218F853D600677F0A /* Resources */,
				244DE94319A93ABB00A91DC7 /* Embed Frameworks */,
			);
			buildRules = (
			);
			dependencies = (
				244DE94219A93ABA00A91DC7 /* PBXTargetDependency */,
			);
			name = "DCTTextFieldValidator Demo";
			productName = DCTTextFieldValidatorDemo;
			productReference = 2420C4C418F853D600677F0A /* DCTTextFieldValidator Demo.app */;
			productType = "com.apple.product-type.application";
		};
		2437B6A115B97C9C00750117 /* DCTTextFieldValidator */ = {
			isa = PBXNativeTarget;
			buildConfigurationList = 2437B6AB15B97C9C00750117 /* Build configuration list for PBXNativeTarget "DCTTextFieldValidator" */;
			buildPhases = (
				2437B69E15B97C9C00750117 /* Sources */,
				2437B69F15B97C9C00750117 /* Frameworks */,
				2437B6A015B97C9C00750117 /* CopyFiles */,
				24493EE818CFB2F5003A1AA5 /* Documentation */,
			);
			buildRules = (
			);
			dependencies = (
			);
			name = DCTTextFieldValidator;
			productName = DCTTextFieldValidator;
			productReference = 2437B6A215B97C9C00750117 /* libDCTTextFieldValidator.a */;
			productType = "com.apple.product-type.library.static";
		};
		244DE92719A93A1400A91DC7 /* DCTTextFieldValidator iOS */ = {
			isa = PBXNativeTarget;
			buildConfigurationList = 244DE93819A93A1400A91DC7 /* Build configuration list for PBXNativeTarget "DCTTextFieldValidator iOS" */;
			buildPhases = (
				244DE92319A93A1400A91DC7 /* Sources */,
				244DE92419A93A1400A91DC7 /* Frameworks */,
				244DE92519A93A1400A91DC7 /* Headers */,
				244DE92619A93A1400A91DC7 /* Resources */,
				240C63C21A652185007CD368 /* Documentation */,
			);
			buildRules = (
			);
			dependencies = (
			);
			name = "DCTTextFieldValidator iOS";
			productName = "DCTTextFieldValidator iOS";
			productReference = 244DE92819A93A1400A91DC7 /* DCTTextFieldValidator.framework */;
			productType = "com.apple.product-type.framework";
		};
/* End PBXNativeTarget section */

/* Begin PBXProject section */
		24B494CA1591CB410004A76A /* Project object */ = {
			isa = PBXProject;
			attributes = {
				LastTestingUpgradeCheck = 0510;
				LastUpgradeCheck = 0610;
				ORGANIZATIONNAME = "Daniel Tull";
				TargetAttributes = {
					244DE92719A93A1400A91DC7 = {
						CreatedOnToolsVersion = 6.0;
					};
				};
			};
			buildConfigurationList = 24B494CD1591CB410004A76A /* Build configuration list for PBXProject "DCTTextFieldValidator" */;
			compatibilityVersion = "Xcode 3.2";
			developmentRegion = English;
			hasScannedForEncodings = 0;
			knownRegions = (
				en,
			);
			mainGroup = 24B494C81591CB410004A76A;
			productRefGroup = 24B494D41591CB410004A76A /* Products */;
			projectDirPath = "";
			projectRoot = "";
			targets = (
				2437B6A115B97C9C00750117 /* DCTTextFieldValidator */,
				244DE92719A93A1400A91DC7 /* DCTTextFieldValidator iOS */,
				2420C4C318F853D600677F0A /* DCTTextFieldValidator Demo */,
			);
		};
/* End PBXProject section */

/* Begin PBXResourcesBuildPhase section */
		2420C4C218F853D600677F0A /* Resources */ = {
			isa = PBXResourcesBuildPhase;
			buildActionMask = 2147483647;
			files = (
				2420C4F318F854A300677F0A /* iPhone.storyboard in Resources */,
				244DE91F19A9396700A91DC7 /* Images.xcassets in Resources */,
			);
			runOnlyForDeploymentPostprocessing = 0;
		};
		244DE92619A93A1400A91DC7 /* Resources */ = {
			isa = PBXResourcesBuildPhase;
			buildActionMask = 2147483647;
			files = (
			);
			runOnlyForDeploymentPostprocessing = 0;
		};
/* End PBXResourcesBuildPhase section */

/* Begin PBXShellScriptBuildPhase section */
		240C63C21A652185007CD368 /* Documentation */ = {
			isa = PBXShellScriptBuildPhase;
			buildActionMask = 2147483647;
			files = (
			);
			inputPaths = (
			);
			name = Documentation;
			outputPaths = (
			);
			runOnlyForDeploymentPostprocessing = 0;
			shellPath = /bin/sh;
			shellScript = "./Scripts/documentation.sh -c \"Daniel Tull\" -i \"uk.co.danieltull\" > /dev/null 2>&1 &\n";
		};
		24493EE818CFB2F5003A1AA5 /* Documentation */ = {
			isa = PBXShellScriptBuildPhase;
			buildActionMask = 2147483647;
			files = (
			);
			inputPaths = (
			);
			name = Documentation;
			outputPaths = (
			);
			runOnlyForDeploymentPostprocessing = 0;
			shellPath = /bin/sh;
			shellScript = "./Scripts/documentation.sh -c \"Daniel Tull\" -i \"uk.co.danieltull\" > /dev/null 2>&1 &\n";
		};
/* End PBXShellScriptBuildPhase section */

/* Begin PBXSourcesBuildPhase section */
		2420C4C018F853D600677F0A /* Sources */ = {
			isa = PBXSourcesBuildPhase;
			buildActionMask = 2147483647;
			files = (
				2420C4D318F853D600677F0A /* AppDelegate.m in Sources */,
				2420C4F118F8544A00677F0A /* DCTTextFieldValidatorViewController.m in Sources */,
				2420C4CF18F853D600677F0A /* main.m in Sources */,
			);
			runOnlyForDeploymentPostprocessing = 0;
		};
		2437B69E15B97C9C00750117 /* Sources */ = {
			isa = PBXSourcesBuildPhase;
			buildActionMask = 2147483647;
			files = (
				2437B6AE15B97CDB00750117 /* DCTTextFieldValidator.m in Sources */,
			);
			runOnlyForDeploymentPostprocessing = 0;
		};
		244DE92319A93A1400A91DC7 /* Sources */ = {
			isa = PBXSourcesBuildPhase;
			buildActionMask = 2147483647;
			files = (
				244DE94519A93B0400A91DC7 /* DCTTextFieldValidator.m in Sources */,
			);
			runOnlyForDeploymentPostprocessing = 0;
		};
/* End PBXSourcesBuildPhase section */

/* Begin PBXTargetDependency section */
		244DE94219A93ABA00A91DC7 /* PBXTargetDependency */ = {
			isa = PBXTargetDependency;
			target = 244DE92719A93A1400A91DC7 /* DCTTextFieldValidator iOS */;
			targetProxy = 244DE94119A93ABA00A91DC7 /* PBXContainerItemProxy */;
		};
/* End PBXTargetDependency section */

/* Begin XCBuildConfiguration section */
		2420C4EA18F853D700677F0A /* Debug */ = {
			isa = XCBuildConfiguration;
			baseConfigurationReference = 244DE91619A938C600A91DC7 /* iOS Application.xcconfig */;
			buildSettings = {
				LD_RUNPATH_SEARCH_PATHS = "$(inherited) @executable_path/Frameworks";
			};
			name = Debug;
		};
		2420C4EB18F853D700677F0A /* Release */ = {
			isa = XCBuildConfiguration;
			baseConfigurationReference = 244DE91619A938C600A91DC7 /* iOS Application.xcconfig */;
			buildSettings = {
				LD_RUNPATH_SEARCH_PATHS = "$(inherited) @executable_path/Frameworks";
			};
			name = Release;
		};
		2437B6AC15B97C9C00750117 /* Debug */ = {
			isa = XCBuildConfiguration;
			baseConfigurationReference = 244DE91919A938C600A91DC7 /* iOS Static Library.xcconfig */;
			buildSettings = {
			};
			name = Debug;
		};
		2437B6AD15B97C9C00750117 /* Release */ = {
			isa = XCBuildConfiguration;
			baseConfigurationReference = 244DE91919A938C600A91DC7 /* iOS Static Library.xcconfig */;
			buildSettings = {
			};
			name = Release;
		};
		244DE93919A93A1400A91DC7 /* Debug */ = {
			isa = XCBuildConfiguration;
			baseConfigurationReference = 244DE91819A938C600A91DC7 /* iOS Framework.xcconfig */;
			buildSettings = {
				CURRENT_PROJECT_VERSION = 1;
				DYLIB_COMPATIBILITY_VERSION = 1;
				DYLIB_CURRENT_VERSION = 1;
				IPHONEOS_DEPLOYMENT_TARGET = 8.0;
				PRODUCT_NAME = DCTTextFieldValidator;
			};
			name = Debug;
		};
		244DE93A19A93A1400A91DC7 /* Release */ = {
			isa = XCBuildConfiguration;
			baseConfigurationReference = 244DE91819A938C600A91DC7 /* iOS Framework.xcconfig */;
			buildSettings = {
				CURRENT_PROJECT_VERSION = 1;
				DYLIB_COMPATIBILITY_VERSION = 1;
				DYLIB_CURRENT_VERSION = 1;
				IPHONEOS_DEPLOYMENT_TARGET = 8.0;
				PRODUCT_NAME = DCTTextFieldValidator;
			};
			name = Release;
		};
		24B494F61591CB410004A76A /* Debug */ = {
			isa = XCBuildConfiguration;
			baseConfigurationReference = 244DE91519A938C600A91DC7 /* Debug.xcconfig */;
			buildSettings = {
				ONLY_ACTIVE_ARCH = YES;
			};
			name = Debug;
		};
		24B494F71591CB410004A76A /* Release */ = {
			isa = XCBuildConfiguration;
			baseConfigurationReference = 244DE91C19A938C600A91DC7 /* Release.xcconfig */;
			buildSettings = {
			};
			name = Release;
		};
/* End XCBuildConfiguration section */

/* Begin XCConfigurationList section */
		2420C4E918F853D700677F0A /* Build configuration list for PBXNativeTarget "DCTTextFieldValidator Demo" */ = {
			isa = XCConfigurationList;
			buildConfigurations = (
				2420C4EA18F853D700677F0A /* Debug */,
				2420C4EB18F853D700677F0A /* Release */,
			);
			defaultConfigurationIsVisible = 0;
			defaultConfigurationName = Release;
		};
		2437B6AB15B97C9C00750117 /* Build configuration list for PBXNativeTarget "DCTTextFieldValidator" */ = {
			isa = XCConfigurationList;
			buildConfigurations = (
				2437B6AC15B97C9C00750117 /* Debug */,
				2437B6AD15B97C9C00750117 /* Release */,
			);
			defaultConfigurationIsVisible = 0;
			defaultConfigurationName = Release;
		};
		244DE93819A93A1400A91DC7 /* Build configuration list for PBXNativeTarget "DCTTextFieldValidator iOS" */ = {
			isa = XCConfigurationList;
			buildConfigurations = (
				244DE93919A93A1400A91DC7 /* Debug */,
				244DE93A19A93A1400A91DC7 /* Release */,
			);
			defaultConfigurationIsVisible = 0;
			defaultConfigurationName = Release;
		};
		24B494CD1591CB410004A76A /* Build configuration list for PBXProject "DCTTextFieldValidator" */ = {
			isa = XCConfigurationList;
			buildConfigurations = (
				24B494F61591CB410004A76A /* Debug */,
				24B494F71591CB410004A76A /* Release */,
			);
			defaultConfigurationIsVisible = 0;
			defaultConfigurationName = Release;
		};
/* End XCConfigurationList section */
	};
	rootObject = 24B494CA1591CB410004A76A /* Project object */;
}
